version = 1
revision = 1
requires-python = ">=3.11"

[[package]]
name = "password-strength-meter"
version = "0.1.0"
source = { virtual = "." }
dependencies = [
    { name = "pyperclip" },
    { name = "zxcvbn-python" },
]

[package.metadata]
requires-dist = [
    { name = "pyperclip", specifier = ">=1.9.0" },
    { name = "zxcvbn-python", specifier = ">=4.4.24" },
]

[[package]]
name = "pyperclip"
version = "1.9.0"
source = { registry = "https://pypi.org/simple" }
sdist = { url = "https://files.pythonhosted.org/packages/30/23/2f0a3efc4d6a32f3b63cdff36cd398d9701d26cda58e3ab97ac79fb5e60d/pyperclip-1.9.0.tar.gz", hash = "sha256:b7de0142ddc81bfc5c7507eea19da920b92252b548b96186caf94a5e2527d310", size = 20961 }

[[package]]
name = "zxcvbn-python"
version = "4.4.24"
source = { registry = "https://pypi.org/simple" }
sdist = { url = "https://files.pythonhosted.org/packages/63/9c/c3f90da63d6bd0e04948386bdf426212f1f8271d544615a5c8d0d03267ef/zxcvbn-python-4.4.24.tar.gz", hash = "sha256:900b28cc5e96be4091d8778f19f222832890264e338765a1c1c09fca2db64b2d", size = 408001 }
